
Microsoft Visual Studio Solution File, Format Version 12.00
# Visual Studio Version 16
VisualStudioVersion = 16.0.31205.134
MinimumVisualStudioVersion = 10.0.40219.1
Project("{FAE04EC0-301F-11D3-BF4B-00C04F79EFBC}") = "funtranslatorbot", "funtranslatorbot\funtranslatorbot.csproj", "{87B0FE34-F518-4C61-A152-3BCCB7D39F26}"
EndProject
Project("{FAE04EC0-301F-11D3-BF4B-00C04F79EFBC}") = "Tests", "Tests\Tests.csproj", "{FA5ED4BF-3FF4-42C7-A0A3-4940660633B2}"
EndProject
Global
	GlobalSection(SolutionConfigurationPlatforms) = preSolution
		Debug|Any CPU = Debug|Any CPU
		Release|Any CPU = Release|Any CPU
	EndGlobalSection
	GlobalSection(ProjectConfigurationPlatforms) = postSolution
		{87B0FE34-F518-4C61-A152-3BCCB7D39F26}.Debug|Any CPU.ActiveCfg = Debug|Any CPU
		{87B0FE34-F518-4C61-A152-3BCCB7D39F26}.Debug|Any CPU.Build.0 = Debug|Any CPU
		{87B0FE34-F518-4C61-A152-3BCCB7D39F26}.Release|Any CPU.ActiveCfg = Release|Any CPU
		{87B0FE34-F518-4C61-A152-3BCCB7D39F26}.Release|Any CPU.Build.0 = Release|Any CPU
		{FA5ED4BF-3FF4-42C7-A0A3-4940660633B2}.Debug|Any CPU.ActiveCfg = Debug|Any CPU
		{FA5ED4BF-3FF4-42C7-A0A3-4940660633B2}.Debug|Any CPU.Build.0 = Debug|Any CPU
		{FA5ED4BF-3FF4-42C7-A0A3-4940660633B2}.Release|Any CPU.ActiveCfg = Release|Any CPU
		{FA5ED4BF-3FF4-42C7-A0A3-4940660633B2}.Release|Any CPU.Build.0 = Release|Any CPU
	EndGlobalSection
	GlobalSection(SolutionProperties) = preSolution
		HideSolutionNode = FALSE
	EndGlobalSection
	GlobalSection(ExtensibilityGlobals) = postSolution
		SolutionGuid = {C85C1B05-6446-4E22-8F00-06246FE82448}
	EndGlobalSection
EndGlobal
