
Microsoft Visual Studio Solution File, Format Version 12.00
# Visual Studio Version 16
VisualStudioVersion = 16.0.31205.134
MinimumVisualStudioVersion = 10.0.40219.1
Project("{9A19103F-16F7-4668-BE54-9A1E7A4F7556}") = "Tests", "Tests\Tests.csproj", "{FA5ED4BF-3FF4-42C7-A0A3-4940660633B2}"
EndProject
Project("{9A19103F-16F7-4668-BE54-9A1E7A4F7556}") = "funtranslatorbot", "funtranslatorbot\funtranslatorbot.csproj", "{953FE90F-9794-4D77-82FD-23C75D2C5981}"
EndProject
Project("{9A19103F-16F7-4668-BE54-9A1E7A4F7556}") = "TranslationLib", "TranslationLib\TranslationLib.csproj", "{B420E2E4-FFC1-4127-9D74-34B36A68947C}"
EndProject
Project("{9A19103F-16F7-4668-BE54-9A1E7A4F7556}") = "FunTranslateApi", "TelegramBot\FunTranslateApi.csproj", "{23A99ABD-F875-471C-BCB9-8A275C322D93}"
EndProject
Global
	GlobalSection(SolutionConfigurationPlatforms) = preSolution
		Debug|Any CPU = Debug|Any CPU
		Release|Any CPU = Release|Any CPU
	EndGlobalSection
	GlobalSection(ProjectConfigurationPlatforms) = postSolution
		{FA5ED4BF-3FF4-42C7-A0A3-4940660633B2}.Debug|Any CPU.ActiveCfg = Debug|Any CPU
		{FA5ED4BF-3FF4-42C7-A0A3-4940660633B2}.Debug|Any CPU.Build.0 = Debug|Any CPU
		{FA5ED4BF-3FF4-42C7-A0A3-4940660633B2}.Release|Any CPU.ActiveCfg = Release|Any CPU
		{FA5ED4BF-3FF4-42C7-A0A3-4940660633B2}.Release|Any CPU.Build.0 = Release|Any CPU
		{953FE90F-9794-4D77-82FD-23C75D2C5981}.Debug|Any CPU.ActiveCfg = Debug|Any CPU
		{953FE90F-9794-4D77-82FD-23C75D2C5981}.Debug|Any CPU.Build.0 = Debug|Any CPU
		{953FE90F-9794-4D77-82FD-23C75D2C5981}.Release|Any CPU.ActiveCfg = Release|Any CPU
		{953FE90F-9794-4D77-82FD-23C75D2C5981}.Release|Any CPU.Build.0 = Release|Any CPU
		{B420E2E4-FFC1-4127-9D74-34B36A68947C}.Debug|Any CPU.ActiveCfg = Debug|Any CPU
		{B420E2E4-FFC1-4127-9D74-34B36A68947C}.Debug|Any CPU.Build.0 = Debug|Any CPU
		{B420E2E4-FFC1-4127-9D74-34B36A68947C}.Release|Any CPU.ActiveCfg = Release|Any CPU
		{B420E2E4-FFC1-4127-9D74-34B36A68947C}.Release|Any CPU.Build.0 = Release|Any CPU
		{23A99ABD-F875-471C-BCB9-8A275C322D93}.Debug|Any CPU.ActiveCfg = Debug|Any CPU
		{23A99ABD-F875-471C-BCB9-8A275C322D93}.Debug|Any CPU.Build.0 = Debug|Any CPU
		{23A99ABD-F875-471C-BCB9-8A275C322D93}.Release|Any CPU.ActiveCfg = Release|Any CPU
		{23A99ABD-F875-471C-BCB9-8A275C322D93}.Release|Any CPU.Build.0 = Release|Any CPU
	EndGlobalSection
	GlobalSection(SolutionProperties) = preSolution
		HideSolutionNode = FALSE
	EndGlobalSection
	GlobalSection(ExtensibilityGlobals) = postSolution
		SolutionGuid = {C85C1B05-6446-4E22-8F00-06246FE82448}
	EndGlobalSection
EndGlobal
